
Microsoft Visual Studio Solution File, Format Version 12.00
# Visual Studio Version 17
VisualStudioVersion = 17.10.35013.160
MinimumVisualStudioVersion = 10.0.40219.1
Project("{FAE04EC0-301F-11D3-BF4B-00C04F79EFBC}") = "WorkerService", "WorkerService\WorkerService.csproj", "{29431CD2-83B5-46FA-8E91-687D936CA535}"
EndProject
Project("{FAE04EC0-301F-11D3-BF4B-00C04F79EFBC}") = "WinFormsApp", "WinFormsApp\WinFormsApp.csproj", "{C8811F74-0F85-4713-AE49-EC57EBB5C3E6}"
EndProject
Global
	GlobalSection(SolutionConfigurationPlatforms) = preSolution
		Debug|Any CPU = Debug|Any CPU
		Release|Any CPU = Release|Any CPU
	EndGlobalSection
	GlobalSection(ProjectConfigurationPlatforms) = postSolution
		{29431CD2-83B5-46FA-8E91-687D936CA535}.Debug|Any CPU.ActiveCfg = Debug|Any CPU
		{29431CD2-83B5-46FA-8E91-687D936CA535}.Debug|Any CPU.Build.0 = Debug|Any CPU
		{29431CD2-83B5-46FA-8E91-687D936CA535}.Release|Any CPU.ActiveCfg = Release|Any CPU
		{29431CD2-83B5-46FA-8E91-687D936CA535}.Release|Any CPU.Build.0 = Release|Any CPU
		{C8811F74-0F85-4713-AE49-EC57EBB5C3E6}.Debug|Any CPU.ActiveCfg = Debug|Any CPU
		{C8811F74-0F85-4713-AE49-EC57EBB5C3E6}.Debug|Any CPU.Build.0 = Debug|Any CPU
		{C8811F74-0F85-4713-AE49-EC57EBB5C3E6}.Release|Any CPU.ActiveCfg = Release|Any CPU
		{C8811F74-0F85-4713-AE49-EC57EBB5C3E6}.Release|Any CPU.Build.0 = Release|Any CPU
	EndGlobalSection
	GlobalSection(SolutionProperties) = preSolution
		HideSolutionNode = FALSE
	EndGlobalSection
	GlobalSection(ExtensibilityGlobals) = postSolution
		SolutionGuid = {8308D350-C52F-4CE2-B39E-EAB57C348D80}
	EndGlobalSection
EndGlobal
